
Microsoft Visual Studio Solution File, Format Version 12.00
# Visual Studio 15
VisualStudioVersion = 15.0.26730.12
MinimumVisualStudioVersion = 10.0.40219.1
Project("{FAE04EC0-301F-11D3-BF4B-00C04F79EFBC}") = "MetroLoader", "MetroLoader\MetroLoader.csproj", "{0E1A216B-9B20-4E82-BC50-7540379AF569}"
EndProject
Global
	GlobalSection(SolutionConfigurationPlatforms) = preSolution
		Debug|Any CPU = Debug|Any CPU
		Release|Any CPU = Release|Any CPU
	EndGlobalSection
	GlobalSection(ProjectConfigurationPlatforms) = postSolution
		{0E1A216B-9B20-4E82-BC50-7540379AF569}.Debug|Any CPU.ActiveCfg = Debug|Any CPU
		{0E1A216B-9B20-4E82-BC50-7540379AF569}.Debug|Any CPU.Build.0 = Debug|Any CPU
		{0E1A216B-9B20-4E82-BC50-7540379AF569}.Release|Any CPU.ActiveCfg = Release|Any CPU
		{0E1A216B-9B20-4E82-BC50-7540379AF569}.Release|Any CPU.Build.0 = Release|Any CPU
	EndGlobalSection
	GlobalSection(SolutionProperties) = preSolution
		HideSolutionNode = FALSE
	EndGlobalSection
	GlobalSection(ExtensibilityGlobals) = postSolution
		SolutionGuid = {F49FC12B-5AF4-40EE-B002-F041E96C45A4}
	EndGlobalSection
EndGlobal
